
Microsoft Visual Studio Solution File, Format Version 12.00
# Visual Studio Version 17
VisualStudioVersion = 17.2.32526.322
MinimumVisualStudioVersion = 10.0.40219.1
Project("{FAE04EC0-301F-11D3-BF4B-00C04F79EFBC}") = "TestAspNetApp", "TestAspNetApp\TestAspNetApp.csproj", "{28CF153C-6B7F-4BF1-B806-F7A0814E130B}"
EndProject
Global
	GlobalSection(SolutionConfigurationPlatforms) = preSolution
		Debug|Any CPU = Debug|Any CPU
		Release|Any CPU = Release|Any CPU
	EndGlobalSection
	GlobalSection(ProjectConfigurationPlatforms) = postSolution
		{28CF153C-6B7F-4BF1-B806-F7A0814E130B}.Debug|Any CPU.ActiveCfg = Debug|Any CPU
		{28CF153C-6B7F-4BF1-B806-F7A0814E130B}.Debug|Any CPU.Build.0 = Debug|Any CPU
		{28CF153C-6B7F-4BF1-B806-F7A0814E130B}.Release|Any CPU.ActiveCfg = Release|Any CPU
		{28CF153C-6B7F-4BF1-B806-F7A0814E130B}.Release|Any CPU.Build.0 = Release|Any CPU
	EndGlobalSection
	GlobalSection(SolutionProperties) = preSolution
		HideSolutionNode = FALSE
	EndGlobalSection
	GlobalSection(ExtensibilityGlobals) = postSolution
		SolutionGuid = {1D3A3A70-13C1-4761-AAAD-39E97CCF7612}
	EndGlobalSection
EndGlobal
